github.com/heyeshuang/hugo-theme-tokiwa v0.0.0-20230822002507-dd607ca18911 h1:LcnrYNWmXFZV81m/jkFDBs0zSnbfCUVoM1M7XAzjjtM=
github.com/heyeshuang/hugo-theme-tokiwa v0.0.0-20230822002507-dd607ca18911/go.mod h1:pXS7VU+38dbhXVB4FbdbeonlGH11SkQ5TqdvcAjOfNA=
github.com/heyeshuang/hugo-theme-tokiwa v0.0.0-20241208031049-f328a7ac8ad7 h1:JBKGzfMnwxWJfR4481TKhv6hiXslfDfXTyDxb6iatTs=
github.com/heyeshuang/hugo-theme-tokiwa v0.0.0-20241208031049-f328a7ac8ad7/go.mod h1:pXS7VU+38dbhXVB4FbdbeonlGH11SkQ5TqdvcAjOfNA=
